// !$*UTF8*$!
{
	archiveVersion = 1;
	classes = {
	};
	objectVersion = 46;
	objects = {

/* Begin PBXBuildFile section */
		8F4E3428195755C000CC3A7C /* Foundation.framework in Frameworks */ = {isa = PBXBuildFile; fileRef = 8F4E3427195755C000CC3A7C /* Foundation.framework */; };
		8F4E342A195755C000CC3A7C /* CoreGraphics.framework in Frameworks */ = {isa = PBXBuildFile; fileRef = 8F4E3429195755C000CC3A7C /* CoreGraphics.framework */; };
		8F4E342C195755C000CC3A7C /* UIKit.framework in Frameworks */ = {isa = PBXBuildFile; fileRef = 8F4E342B195755C000CC3A7C /* UIKit.framework */; };
		8F4E3432195755C000CC3A7C /* InfoPlist.strings in Resources */ = {isa = PBXBuildFile; fileRef = 8F4E3430195755C000CC3A7C /* InfoPlist.strings */; };
		8F4E3434195755C000CC3A7C /* main.m in Sources */ = {isa = PBXBuildFile; fileRef = 8F4E3433195755C000CC3A7C /* main.m */; };
		8F4E3438195755C000CC3A7C /* AppDelegate.m in Sources */ = {isa = PBXBuildFile; fileRef = 8F4E3437195755C000CC3A7C /* AppDelegate.m */; };
		8F4E343A195755C000CC3A7C /* Images.xcassets in Resources */ = {isa = PBXBuildFile; fileRef = 8F4E3439195755C000CC3A7C /* Images.xcassets */; };
		8F4E3441195755C000CC3A7C /* XCTest.framework in Frameworks */ = {isa = PBXBuildFile; fileRef = 8F4E3440195755C000CC3A7C /* XCTest.framework */; };
		8F4E3442195755C000CC3A7C /* Foundation.framework in Frameworks */ = {isa = PBXBuildFile; fileRef = 8F4E3427195755C000CC3A7C /* Foundation.framework */; };
		8F4E3443195755C000CC3A7C /* UIKit.framework in Frameworks */ = {isa = PBXBuildFile; fileRef = 8F4E342B195755C000CC3A7C /* UIKit.framework */; };
		8F4E344B195755C000CC3A7C /* InfoPlist.strings in Resources */ = {isa = PBXBuildFile; fileRef = 8F4E3449195755C000CC3A7C /* InfoPlist.strings */; };
		8F4E344D195755C000CC3A7C /* Facebook_PaperTests.m in Sources */ = {isa = PBXBuildFile; fileRef = 8F4E344C195755C000CC3A7C /* Facebook_PaperTests.m */; };
		8F4E345919575C8F00CC3A7C /* HomeViewController.m in Sources */ = {isa = PBXBuildFile; fileRef = 8F4E345719575C8F00CC3A7C /* HomeViewController.m */; };
		8F4E345A19575C8F00CC3A7C /* HomeViewController.xib in Resources */ = {isa = PBXBuildFile; fileRef = 8F4E345819575C8F00CC3A7C /* HomeViewController.xib */; };
/* End PBXBuildFile section */

/* Begin PBXContainerItemProxy section */
		8F4E3444195755C000CC3A7C /* PBXContainerItemProxy */ = {
			isa = PBXContainerItemProxy;
			containerPortal = 8F4E341C195755C000CC3A7C /* Project object */;
			proxyType = 1;
			remoteGlobalIDString = 8F4E3423195755C000CC3A7C;
			remoteInfo = "Facebook-Paper";
		};
/* End PBXContainerItemProxy section */

/* Begin PBXFileReference section */
		8F4E3424195755C000CC3A7C /* Facebook-Paper.app */ = {isa = PBXFileReference; explicitFileType = wrapper.application; includeInIndex = 0; path = "Facebook-Paper.app"; sourceTree = BUILT_PRODUCTS_DIR; };
		8F4E3427195755C000CC3A7C /* Foundation.framework */ = {isa = PBXFileReference; lastKnownFileType = wrapper.framework; name = Foundation.framework; path = System/Library/Frameworks/Foundation.framework; sourceTree = SDKROOT; };
		8F4E3429195755C000CC3A7C /* CoreGraphics.framework */ = {isa = PBXFileReference; lastKnownFileType = wrapper.framework; name = CoreGraphics.framework; path = System/Library/Frameworks/CoreGraphics.framework; sourceTree = SDKROOT; };
		8F4E342B195755C000CC3A7C /* UIKit.framework */ = {isa = PBXFileReference; lastKnownFileType = wrapper.framework; name = UIKit.framework; path = System/Library/Frameworks/UIKit.framework; sourceTree = SDKROOT; };
		8F4E342F195755C000CC3A7C /* Facebook-Paper-Info.plist */ = {isa = PBXFileReference; lastKnownFileType = text.plist.xml; path = "Facebook-Paper-Info.plist"; sourceTree = "<group>"; };
		8F4E3431195755C000CC3A7C /* en */ = {isa = PBXFileReference; lastKnownFileType = text.plist.strings; name = en; path = en.lproj/InfoPlist.strings; sourceTree = "<group>"; };
		8F4E3433195755C000CC3A7C /* main.m */ = {isa = PBXFileReference; lastKnownFileType = sourcecode.c.objc; path = main.m; sourceTree = "<group>"; };
		8F4E3435195755C000CC3A7C /* Facebook-Paper-Prefix.pch */ = {isa = PBXFileReference; lastKnownFileType = sourcecode.c.h; path = "Facebook-Paper-Prefix.pch"; sourceTree = "<group>"; };
		8F4E3436195755C000CC3A7C /* AppDelegate.h */ = {isa = PBXFileReference; lastKnownFileType = sourcecode.c.h; path = AppDelegate.h; sourceTree = "<group>"; };
		8F4E3437195755C000CC3A7C /* AppDelegate.m */ = {isa = PBXFileReference; lastKnownFileType = sourcecode.c.objc; path = AppDelegate.m; sourceTree = "<group>"; };
		8F4E3439195755C000CC3A7C /* Images.xcassets */ = {isa = PBXFileReference; lastKnownFileType = folder.assetcatalog; path = Images.xcassets; sourceTree = "<group>"; };
		8F4E343F195755C000CC3A7C /* Facebook-PaperTests.xctest */ = {isa = PBXFileReference; explicitFileType = wrapper.cfbundle; includeInIndex = 0; path = "Facebook-PaperTests.xctest"; sourceTree = BUILT_PRODUCTS_DIR; };
		8F4E3440195755C000CC3A7C /* XCTest.framework */ = {isa = PBXFileReference; lastKnownFileType = wrapper.framework; name = XCTest.framework; path = Library/Frameworks/XCTest.framework; sourceTree = DEVELOPER_DIR; };
		8F4E3448195755C000CC3A7C /* Facebook-PaperTests-Info.plist */ = {isa = PBXFileReference; lastKnownFileType = text.plist.xml; path = "Facebook-PaperTests-Info.plist"; sourceTree = "<group>"; };
		8F4E344A195755C000CC3A7C /* en */ = {isa = PBXFileReference; lastKnownFileType = text.plist.strings; name = en; path = en.lproj/InfoPlist.strings; sourceTree = "<group>"; };
		8F4E344C195755C000CC3A7C /* Facebook_PaperTests.m */ = {isa = PBXFileReference; lastKnownFileType = sourcecode.c.objc; path = Facebook_PaperTests.m; sourceTree = "<group>"; };
		8F4E345619575C8F00CC3A7C /* HomeViewController.h */ = {isa = PBXFileReference; fileEncoding = 4; lastKnownFileType = sourcecode.c.h; path = HomeViewController.h; sourceTree = "<group>"; };
		8F4E345719575C8F00CC3A7C /* HomeViewController.m */ = {isa = PBXFileReference; fileEncoding = 4; lastKnownFileType = sourcecode.c.objc; path = HomeViewController.m; sourceTree = "<group>"; };
		8F4E345819575C8F00CC3A7C /* HomeViewController.xib */ = {isa = PBXFileReference; fileEncoding = 4; lastKnownFileType = file.xib; path = HomeViewController.xib; sourceTree = "<group>"; };
/* End PBXFileReference section */

/* Begin PBXFrameworksBuildPhase section */
		8F4E3421195755C000CC3A7C /* Frameworks */ = {
			isa = PBXFrameworksBuildPhase;
			buildActionMask = 2147483647;
			files = (
				8F4E342A195755C000CC3A7C /* CoreGraphics.framework in Frameworks */,
				8F4E342C195755C000CC3A7C /* UIKit.framework in Frameworks */,
				8F4E3428195755C000CC3A7C /* Foundation.framework in Frameworks */,
			);
			runOnlyForDeploymentPostprocessing = 0;
		};
		8F4E343C195755C000CC3A7C /* Frameworks */ = {
			isa = PBXFrameworksBuildPhase;
			buildActionMask = 2147483647;
			files = (
				8F4E3441195755C000CC3A7C /* XCTest.framework in Frameworks */,
				8F4E3443195755C000CC3A7C /* UIKit.framework in Frameworks */,
				8F4E3442195755C000CC3A7C /* Foundation.framework in Frameworks */,
			);
			runOnlyForDeploymentPostprocessing = 0;
		};
/* End PBXFrameworksBuildPhase section */

/* Begin PBXGroup section */
		8F4E341B195755C000CC3A7C = {
			isa = PBXGroup;
			children = (
				8F4E345619575C8F00CC3A7C /* HomeViewController.h */,
				8F4E345719575C8F00CC3A7C /* HomeViewController.m */,
				8F4E345819575C8F00CC3A7C /* HomeViewController.xib */,
				8F4E342D195755C000CC3A7C /* Facebook-Paper */,
				8F4E3446195755C000CC3A7C /* Facebook-PaperTests */,
				8F4E3426195755C000CC3A7C /* Frameworks */,
				8F4E3425195755C000CC3A7C /* Products */,
			);
			sourceTree = "<group>";
		};
		8F4E3425195755C000CC3A7C /* Products */ = {
			isa = PBXGroup;
			children = (
				8F4E3424195755C000CC3A7C /* Facebook-Paper.app */,
				8F4E343F195755C000CC3A7C /* Facebook-PaperTests.xctest */,
			);
			name = Products;
			sourceTree = "<group>";
		};
		8F4E3426195755C000CC3A7C /* Frameworks */ = {
			isa = PBXGroup;
			children = (
				8F4E3427195755C000CC3A7C /* Foundation.framework */,
				8F4E3429195755C000CC3A7C /* CoreGraphics.framework */,
				8F4E342B195755C000CC3A7C /* UIKit.framework */,
				8F4E3440195755C000CC3A7C /* XCTest.framework */,
			);
			name = Frameworks;
			sourceTree = "<group>";
		};
		8F4E342D195755C000CC3A7C /* Facebook-Paper */ = {
			isa = PBXGroup;
			children = (
				8F4E3436195755C000CC3A7C /* AppDelegate.h */,
				8F4E3437195755C000CC3A7C /* AppDelegate.m */,
				8F4E3439195755C000CC3A7C /* Images.xcassets */,
				8F4E342E195755C000CC3A7C /* Supporting Files */,
			);
			path = "Facebook-Paper";
			sourceTree = "<group>";
		};
		8F4E342E195755C000CC3A7C /* Supporting Files */ = {
			isa = PBXGroup;
			children = (
				8F4E342F195755C000CC3A7C /* Facebook-Paper-Info.plist */,
				8F4E3430195755C000CC3A7C /* InfoPlist.strings */,
				8F4E3433195755C000CC3A7C /* main.m */,
				8F4E3435195755C000CC3A7C /* Facebook-Paper-Prefix.pch */,
			);
			name = "Supporting Files";
			sourceTree = "<group>";
		};
		8F4E3446195755C000CC3A7C /* Facebook-PaperTests */ = {
			isa = PBXGroup;
			children = (
				8F4E344C195755C000CC3A7C /* Facebook_PaperTests.m */,
				8F4E3447195755C000CC3A7C /* Supporting Files */,
			);
			path = "Facebook-PaperTests";
			sourceTree = "<group>";
		};
		8F4E3447195755C000CC3A7C /* Supporting Files */ = {
			isa = PBXGroup;
			children = (
				8F4E3448195755C000CC3A7C /* Facebook-PaperTests-Info.plist */,
				8F4E3449195755C000CC3A7C /* InfoPlist.strings */,
			);
			name = "Supporting Files";
			sourceTree = "<group>";
		};
/* End PBXGroup section */

/* Begin PBXNativeTarget section */
		8F4E3423195755C000CC3A7C /* Facebook-Paper */ = {
			isa = PBXNativeTarget;
			buildConfigurationList = 8F4E3450195755C000CC3A7C /* Build configuration list for PBXNativeTarget "Facebook-Paper" */;
			buildPhases = (
				8F4E3420195755C000CC3A7C /* Sources */,
				8F4E3421195755C000CC3A7C /* Frameworks */,
				8F4E3422195755C000CC3A7C /* Resources */,
			);
			buildRules = (
			);
			dependencies = (
			);
			name = "Facebook-Paper";
			productName = "Facebook-Paper";
			productReference = 8F4E3424195755C000CC3A7C /* Facebook-Paper.app */;
			productType = "com.apple.product-type.application";
		};
		8F4E343E195755C000CC3A7C /* Facebook-PaperTests */ = {
			isa = PBXNativeTarget;
			buildConfigurationList = 8F4E3453195755C000CC3A7C /* Build configuration list for PBXNativeTarget "Facebook-PaperTests" */;
			buildPhases = (
				8F4E343B195755C000CC3A7C /* Sources */,
				8F4E343C195755C000CC3A7C /* Frameworks */,
				8F4E343D195755C000CC3A7C /* Resources */,
			);
			buildRules = (
			);
			dependencies = (
				8F4E3445195755C000CC3A7C /* PBXTargetDependency */,
			);
			name = "Facebook-PaperTests";
			productName = "Facebook-PaperTests";
			productReference = 8F4E343F195755C000CC3A7C /* Facebook-PaperTests.xctest */;
			productType = "com.apple.product-type.bundle.unit-test";
		};
/* End PBXNativeTarget section */

/* Begin PBXProject section */
		8F4E341C195755C000CC3A7C /* Project object */ = {
			isa = PBXProject;
			attributes = {
				LastUpgradeCheck = 0510;
				ORGANIZATIONNAME = "Om Pathipaka";
				TargetAttributes = {
					8F4E343E195755C000CC3A7C = {
						TestTargetID = 8F4E3423195755C000CC3A7C;
					};
				};
			};
			buildConfigurationList = 8F4E341F195755C000CC3A7C /* Build configuration list for PBXProject "Facebook-Paper" */;
			compatibilityVersion = "Xcode 3.2";
			developmentRegion = English;
			hasScannedForEncodings = 0;
			knownRegions = (
				en,
			);
			mainGroup = 8F4E341B195755C000CC3A7C;
			productRefGroup = 8F4E3425195755C000CC3A7C /* Products */;
			projectDirPath = "";
			projectRoot = "";
			targets = (
				8F4E3423195755C000CC3A7C /* Facebook-Paper */,
				8F4E343E195755C000CC3A7C /* Facebook-PaperTests */,
			);
		};
/* End PBXProject section */

/* Begin PBXResourcesBuildPhase section */
		8F4E3422195755C000CC3A7C /* Resources */ = {
			isa = PBXResourcesBuildPhase;
			buildActionMask = 2147483647;
			files = (
				8F4E3432195755C000CC3A7C /* InfoPlist.strings in Resources */,
				8F4E343A195755C000CC3A7C /* Images.xcassets in Resources */,
				8F4E345A19575C8F00CC3A7C /* HomeViewController.xib in Resources */,
			);
			runOnlyForDeploymentPostprocessing = 0;
		};
		8F4E343D195755C000CC3A7C /* Resources */ = {
			isa = PBXResourcesBuildPhase;
			buildActionMask = 2147483647;
			files = (
				8F4E344B195755C000CC3A7C /* InfoPlist.strings in Resources */,
			);
			runOnlyForDeploymentPostprocessing = 0;
		};
/* End PBXResourcesBuildPhase section */

/* Begin PBXSourcesBuildPhase section */
		8F4E3420195755C000CC3A7C /* Sources */ = {
			isa = PBXSourcesBuildPhase;
			buildActionMask = 2147483647;
			files = (
				8F4E3438195755C000CC3A7C /* AppDelegate.m in Sources */,
				8F4E3434195755C000CC3A7C /* main.m in Sources */,
				8F4E345919575C8F00CC3A7C /* HomeViewController.m in Sources */,
			);
			runOnlyForDeploymentPostprocessing = 0;
		};
		8F4E343B195755C000CC3A7C /* Sources */ = {
			isa = PBXSourcesBuildPhase;
			buildActionMask = 2147483647;
			files = (
				8F4E344D195755C000CC3A7C /* Facebook_PaperTests.m in Sources */,
			);
			runOnlyForDeploymentPostprocessing = 0;
		};
/* End PBXSourcesBuildPhase section */

/* Begin PBXTargetDependency section */
		8F4E3445195755C000CC3A7C /* PBXTargetDependency */ = {
			isa = PBXTargetDependency;
			target = 8F4E3423195755C000CC3A7C /* Facebook-Paper */;
			targetProxy = 8F4E3444195755C000CC3A7C /* PBXContainerItemProxy */;
		};
/* End PBXTargetDependency section */

/* Begin PBXVariantGroup section */
		8F4E3430195755C000CC3A7C /* InfoPlist.strings */ = {
			isa = PBXVariantGroup;
			children = (
				8F4E3431195755C000CC3A7C /* en */,
			);
			name = InfoPlist.strings;
			sourceTree = "<group>";
		};
		8F4E3449195755C000CC3A7C /* InfoPlist.strings */ = {
			isa = PBXVariantGroup;
			children = (
				8F4E344A195755C000CC3A7C /* en */,
			);
			name = InfoPlist.strings;
			sourceTree = "<group>";
		};
/* End PBXVariantGroup section */

/* Begin XCBuildConfiguration section */
		8F4E344E195755C000CC3A7C /* Debug */ = {
			isa = XCBuildConfiguration;
			buildSettings = {
				ALWAYS_SEARCH_USER_PATHS = NO;
				CLANG_CXX_LANGUAGE_STANDARD = "gnu++0x";
				CLANG_CXX_LIBRARY = "libc++";
				CLANG_ENABLE_MODULES = YES;
				CLANG_ENABLE_OBJC_ARC = YES;
				CLANG_WARN_BOOL_CONVERSION = YES;
				CLANG_WARN_CONSTANT_CONVERSION = YES;
				CLANG_WARN_DIRECT_OBJC_ISA_USAGE = YES_ERROR;
				CLANG_WARN_EMPTY_BODY = YES;
				CLANG_WARN_ENUM_CONVERSION = YES;
				CLANG_WARN_INT_CONVERSION = YES;
				CLANG_WARN_OBJC_ROOT_CLASS = YES_ERROR;
				CLANG_WARN__DUPLICATE_METHOD_MATCH = YES;
				"CODE_SIGN_IDENTITY[sdk=iphoneos*]" = "iPhone Developer";
				COPY_PHASE_STRIP = NO;
				GCC_C_LANGUAGE_STANDARD = gnu99;
				GCC_DYNAMIC_NO_PIC = NO;
				GCC_OPTIMIZATION_LEVEL = 0;
				GCC_PREPROCESSOR_DEFINITIONS = (
					"DEBUG=1",
					"$(inherited)",
				);
				GCC_SYMBOLS_PRIVATE_EXTERN = NO;
				GCC_WARN_64_TO_32_BIT_CONVERSION = YES;
				GCC_WARN_ABOUT_RETURN_TYPE = YES_ERROR;
				GCC_WARN_UNDECLARED_SELECTOR = YES;
				GCC_WARN_UNINITIALIZED_AUTOS = YES_AGGRESSIVE;
				GCC_WARN_UNUSED_FUNCTION = YES;
				GCC_WARN_UNUSED_VARIABLE = YES;
				IPHONEOS_DEPLOYMENT_TARGET = 7.1;
				ONLY_ACTIVE_ARCH = YES;
				SDKROOT = iphoneos;
			};
			name = Debug;
		};
		8F4E344F195755C000CC3A7C /* Release */ = {
			isa = XCBuildConfiguration;
			buildSettings = {
				ALWAYS_SEARCH_USER_PATHS = NO;
				CLANG_CXX_LANGUAGE_STANDARD = "gnu++0x";
				CLANG_CXX_LIBRARY = "libc++";
				CLANG_ENABLE_MODULES = YES;
				CLANG_ENABLE_OBJC_ARC = YES;
				CLANG_WARN_BOOL_CONVERSION = YES;
				CLANG_WARN_CONSTANT_CONVERSION = YES;
				CLANG_WARN_DIRECT_OBJC_ISA_USAGE = YES_ERROR;
				CLANG_WARN_EMPTY_BODY = YES;
				CLANG_WARN_ENUM_CONVERSION = YES;
				CLANG_WARN_INT_CONVERSION = YES;
				CLANG_WARN_OBJC_ROOT_CLASS = YES_ERROR;
				CLANG_WARN__DUPLICATE_METHOD_MATCH = YES;
				"CODE_SIGN_IDENTITY[sdk=iphoneos*]" = "iPhone Developer";
				COPY_PHASE_STRIP = YES;
				ENABLE_NS_ASSERTIONS = NO;
				GCC_C_LANGUAGE_STANDARD = gnu99;
				GCC_WARN_64_TO_32_BIT_CONVERSION = YES;
				GCC_WARN_ABOUT_RETURN_TYPE = YES_ERROR;
				GCC_WARN_UNDECLARED_SELECTOR = YES;
				GCC_WARN_UNINITIALIZED_AUTOS = YES_AGGRESSIVE;
				GCC_WARN_UNUSED_FUNCTION = YES;
				GCC_WARN_UNUSED_VARIABLE = YES;
				IPHONEOS_DEPLOYMENT_TARGET = 7.1;
				SDKROOT = iphoneos;
				VALIDATE_PRODUCT = YES;
			};
			name = Release;
		};
		8F4E3451195755C000CC3A7C /* Debug */ = {
			isa = XCBuildConfiguration;
			buildSettings = {
				ASSETCATALOG_COMPILER_APPICON_NAME = AppIcon;
				ASSETCATALOG_COMPILER_LAUNCHIMAGE_NAME = LaunchImage;
				GCC_PRECOMPILE_PREFIX_HEADER = YES;
				GCC_PREFIX_HEADER = "Facebook-Paper/Facebook-Paper-Prefix.pch";
				INFOPLIST_FILE = "Facebook-Paper/Facebook-Paper-Info.plist";
				PRODUCT_NAME = "$(TARGET_NAME)";
				WRAPPER_EXTENSION = app;
			};
			name = Debug;
		};
		8F4E3452195755C000CC3A7C /* Release */ = {
			isa = XCBuildConfiguration;
			buildSettings = {
				ASSETCATALOG_COMPILER_APPICON_NAME = AppIcon;
				ASSETCATALOG_COMPILER_LAUNCHIMAGE_NAME = LaunchImage;
				GCC_PRECOMPILE_PREFIX_HEADER = YES;
				GCC_PREFIX_HEADER = "Facebook-Paper/Facebook-Paper-Prefix.pch";
				INFOPLIST_FILE = "Facebook-Paper/Facebook-Paper-Info.plist";
				PRODUCT_NAME = "$(TARGET_NAME)";
				WRAPPER_EXTENSION = app;
			};
			name = Release;
		};
		8F4E3454195755C000CC3A7C /* Debug */ = {
			isa = XCBuildConfiguration;
			buildSettings = {
				BUNDLE_LOADER = "$(BUILT_PRODUCTS_DIR)/Facebook-Paper.app/Facebook-Paper";
				FRAMEWORK_SEARCH_PATHS = (
					"$(SDKROOT)/Developer/Library/Frameworks",
					"$(inherited)",
					"$(DEVELOPER_FRAMEWORKS_DIR)",
				);
				GCC_PRECOMPILE_PREFIX_HEADER = YES;
				GCC_PREFIX_HEADER = "Facebook-Paper/Facebook-Paper-Prefix.pch";
				GCC_PREPROCESSOR_DEFINITIONS = (
					"DEBUG=1",
					"$(inherited)",
				);
				INFOPLIST_FILE = "Facebook-PaperTests/Facebook-PaperTests-Info.plist";
				PRODUCT_NAME = "$(TARGET_NAME)";
				TEST_HOST = "$(BUNDLE_LOADER)";
				WRAPPER_EXTENSION = xctest;
			};
			name = Debug;
		};
		8F4E3455195755C000CC3A7C /* Release */ = {
			isa = XCBuildConfiguration;
			buildSettings = {
				BUNDLE_LOADER = "$(BUILT_PRODUCTS_DIR)/Facebook-Paper.app/Facebook-Paper";
				FRAMEWORK_SEARCH_PATHS = (
					"$(SDKROOT)/Developer/Library/Frameworks",
					"$(inherited)",
					"$(DEVELOPER_FRAMEWORKS_DIR)",
				);
				GCC_PRECOMPILE_PREFIX_HEADER = YES;
				GCC_PREFIX_HEADER = "Facebook-Paper/Facebook-Paper-Prefix.pch";
				INFOPLIST_FILE = "Facebook-PaperTests/Facebook-PaperTests-Info.plist";
				PRODUCT_NAME = "$(TARGET_NAME)";
				TEST_HOST = "$(BUNDLE_LOADER)";
				WRAPPER_EXTENSION = xctest;
			};
			name = Release;
		};
/* End XCBuildConfiguration section */

/* Begin XCConfigurationList section */
		8F4E341F195755C000CC3A7C /* Build configuration list for PBXProject "Facebook-Paper" */ = {
			isa = XCConfigurationList;
			buildConfigurations = (
				8F4E344E195755C000CC3A7C /* Debug */,
				8F4E344F195755C000CC3A7C /* Release */,
			);
			defaultConfigurationIsVisible = 0;
			defaultConfigurationName = Release;
		};
		8F4E3450195755C000CC3A7C /* Build configuration list for PBXNativeTarget "Facebook-Paper" */ = {
			isa = XCConfigurationList;
			buildConfigurations = (
				8F4E3451195755C000CC3A7C /* Debug */,
				8F4E3452195755C000CC3A7C /* Release */,
			);
			defaultConfigurationIsVisible = 0;
		};
		8F4E3453195755C000CC3A7C /* Build configuration list for PBXNativeTarget "Facebook-PaperTests" */ = {
			isa = XCConfigurationList;
			buildConfigurations = (
				8F4E3454195755C000CC3A7C /* Debug */,
				8F4E3455195755C000CC3A7C /* Release */,
			);
			defaultConfigurationIsVisible = 0;
		};
/* End XCConfigurationList section */
	};
	rootObject = 8F4E341C195755C000CC3A7C /* Project object */;
}
